// !$*UTF8*$!
{
	archiveVersion = 1;
	classes = {
	};
	objectVersion = 46;
	objects = {

/* Begin PBXBuildFile section */
		09144A7313C2997E00388B00 /* Entitlements.plist in Resources */ = {isa = PBXBuildFile; fileRef = 09144A7213C2997E00388B00 /* Entitlements.plist */; };
		092354B313A1D7EB00DA740F /* CFNetwork.framework in Frameworks */ = {isa = PBXBuildFile; fileRef = 092354B213A1D7EB00DA740F /* CFNetwork.framework */; };
		092354B513A1D7F000DA740F /* SystemConfiguration.framework in Frameworks */ = {isa = PBXBuildFile; fileRef = 092354B413A1D7F000DA740F /* SystemConfiguration.framework */; };
		092354B713A1D83C00DA740F /* MobileCoreServices.framework in Frameworks */ = {isa = PBXBuildFile; fileRef = 092354B613A1D83C00DA740F /* MobileCoreServices.framework */; };
		095ACE8613C68EA300566243 /* AudioToolbox.framework in Frameworks */ = {isa = PBXBuildFile; fileRef = 095ACE8513C68EA300566243 /* AudioToolbox.framework */; };
		099CCEAD13F9E3760039A464 /* libz.1.1.3.dylib in Frameworks */ = {isa = PBXBuildFile; fileRef = 099CCEAC13F9E3760039A464 /* libz.1.1.3.dylib */; };
		09ABC07213A1D52D009C3FCF /* UIKit.framework in Frameworks */ = {isa = PBXBuildFile; fileRef = 09ABC07113A1D52D009C3FCF /* UIKit.framework */; };
		09ABC07413A1D52D009C3FCF /* Foundation.framework in Frameworks */ = {isa = PBXBuildFile; fileRef = 09ABC07313A1D52D009C3FCF /* Foundation.framework */; };
		09ABC07C13A1D52D009C3FCF /* InfoPlist.strings in Resources */ = {isa = PBXBuildFile; fileRef = 09ABC07A13A1D52D009C3FCF /* InfoPlist.strings */; };
		09ABC07F13A1D52D009C3FCF /* main.m in Sources */ = {isa = PBXBuildFile; fileRef = 09ABC07E13A1D52D009C3FCF /* main.m */; };
		09ABC08213A1D52D009C3FCF /* ParseStarterProjectAppDelegate.m in Sources */ = {isa = PBXBuildFile; fileRef = 09ABC08113A1D52D009C3FCF /* ParseStarterProjectAppDelegate.m */; };
		09ABC08513A1D52E009C3FCF /* MainWindow.xib in Resources */ = {isa = PBXBuildFile; fileRef = 09ABC08313A1D52D009C3FCF /* MainWindow.xib */; };
		09ABC08813A1D52E009C3FCF /* TPRootViewController.m in Sources */ = {isa = PBXBuildFile; fileRef = 09ABC08713A1D52E009C3FCF /* TPRootViewController.m */; };
		09BEF34C13D51C3F001BBCDB /* Security.framework in Frameworks */ = {isa = PBXBuildFile; fileRef = 09BEF34B13D51C3F001BBCDB /* Security.framework */; };
		26F641DA055B8C0AE16D1FEC /* libPods-Down.a in Frameworks */ = {isa = PBXBuildFile; fileRef = F40BC7B07E34D1FCD2A8A98E /* libPods-Down.a */; };
		2FCDD6B014A573F500295AAC /* QuartzCore.framework in Frameworks */ = {isa = PBXBuildFile; fileRef = 2FCDD6AF14A573F500295AAC /* QuartzCore.framework */; };
		4998650515BF305000803E05 /* StoreKit.framework in Frameworks */ = {isa = PBXBuildFile; fileRef = 4998650415BF305000803E05 /* StoreKit.framework */; };
		743D7B6D157DA60100084B67 /* CoreGraphics.framework in Frameworks */ = {isa = PBXBuildFile; fileRef = 743D7B6C157DA60100084B67 /* CoreGraphics.framework */; };
		811B095C1A09503D008B3393 /* ParseUI.framework in Frameworks */ = {isa = PBXBuildFile; fileRef = 811B095B1A09503D008B3393 /* ParseUI.framework */; };
		C4C51B571613CE0800959FDC /* Default.png in Resources */ = {isa = PBXBuildFile; fileRef = C4C51B541613CE0800959FDC /* Default.png */; };
		C4C51B581613CE0800959FDC /* Default-568h@2x.png in Resources */ = {isa = PBXBuildFile; fileRef = C4C51B551613CE0800959FDC /* Default-568h@2x.png */; };
		C4C51B591613CE0800959FDC /* Default@2x.png in Resources */ = {isa = PBXBuildFile; fileRef = C4C51B561613CE0800959FDC /* Default@2x.png */; };
		D51EBB6E1A525BE10095A865 /* TPYelpClient.m in Sources */ = {isa = PBXBuildFile; fileRef = D51EBB6D1A525BE10095A865 /* TPYelpClient.m */; };
		D526EF161A3309DF00861D2C /* TPSplashScreenViewController.m in Sources */ = {isa = PBXBuildFile; fileRef = D526EF151A3309DF00861D2C /* TPSplashScreenViewController.m */; };
		D526EF191A330B6E00861D2C /* Media.xcassets in Resources */ = {isa = PBXBuildFile; fileRef = D526EF181A330B6E00861D2C /* Media.xcassets */; };
		D526EF411A3325DD00861D2C /* ParseStarterProjectViewController.xib in Resources */ = {isa = PBXBuildFile; fileRef = D526EF401A3325DD00861D2C /* ParseStarterProjectViewController.xib */; };
		D526EF431A33C04700861D2C /* TPMailBoxViewController.m in Sources */ = {isa = PBXBuildFile; fileRef = D526EF421A33C04700861D2C /* TPMailBoxViewController.m */; };
		D526EF461A33D85600861D2C /* TPMailBoxViewController.xib in Resources */ = {isa = PBXBuildFile; fileRef = D526EF451A33D85600861D2C /* TPMailBoxViewController.xib */; };
		D526EF4C1A34C2E800861D2C /* TPOutBoxViewController.m in Sources */ = {isa = PBXBuildFile; fileRef = D526EF4B1A34C2E800861D2C /* TPOutBoxViewController.m */; };
		D533E6251A50191400C11961 /* TPLocationViewController.m in Sources */ = {isa = PBXBuildFile; fileRef = D533E6241A50191400C11961 /* TPLocationViewController.m */; };
		D533E6291A501B3A00C11961 /* TPPeopleViewController.m in Sources */ = {isa = PBXBuildFile; fileRef = D533E6281A501B3A00C11961 /* TPPeopleViewController.m */; };
		D540660B1A57B0B5007A28EF /* TPEventObject.m in Sources */ = {isa = PBXBuildFile; fileRef = D540660A1A57B0B5007A28EF /* TPEventObject.m */; };
		D540660F1A57E446007A28EF /* TPWhenViewController.m in Sources */ = {isa = PBXBuildFile; fileRef = D540660E1A57E446007A28EF /* TPWhenViewController.m */; };
		D54066121A5A567C007A28EF /* TPWhyViewController.m in Sources */ = {isa = PBXBuildFile; fileRef = D54066111A5A567C007A28EF /* TPWhyViewController.m */; };
		D569110F1A50D49900AB45F9 /* MapKit.framework in Frameworks */ = {isa = PBXBuildFile; fileRef = D569110E1A50D49900AB45F9 /* MapKit.framework */; };
		D5B783001A60F58F009D8757 /* TPLocation.m in Sources */ = {isa = PBXBuildFile; fileRef = D5B782FF1A60F58F009D8757 /* TPLocation.m */; };
		D5B783071A634ACB009D8757 /* TPPeopleTableViewCell.m in Sources */ = {isa = PBXBuildFile; fileRef = D5B783061A634ACB009D8757 /* TPPeopleTableViewCell.m */; };
		D5E5C87E1A491E0E00E22912 /* TPUniverse.m in Sources */ = {isa = PBXBuildFile; fileRef = D5E5C87D1A491E0E00E22912 /* TPUniverse.m */; };
		D5E5C8841A4C102200E22912 /* TPEventInviteCreationViewController.m in Sources */ = {isa = PBXBuildFile; fileRef = D5E5C8831A4C102200E22912 /* TPEventInviteCreationViewController.m */; };
		D5F3DE3A1A39857A00C0A5A6 /* TPOutBoxViewController.xib in Resources */ = {isa = PBXBuildFile; fileRef = D5F3DE391A39857A00C0A5A6 /* TPOutBoxViewController.xib */; };
		DD952FCB16E7F5CF00470144 /* CoreLocation.framework in Frameworks */ = {isa = PBXBuildFile; fileRef = 97E18B1E1624CB5700B17A67 /* CoreLocation.framework */; };
/* End PBXBuildFile section */

/* Begin PBXFileReference section */
		09144A7213C2997E00388B00 /* Entitlements.plist */ = {isa = PBXFileReference; fileEncoding = 4; lastKnownFileType = text.plist.xml; path = Entitlements.plist; sourceTree = "<group>"; };
		092354B213A1D7EB00DA740F /* CFNetwork.framework */ = {isa = PBXFileReference; lastKnownFileType = wrapper.framework; name = CFNetwork.framework; path = System/Library/Frameworks/CFNetwork.framework; sourceTree = SDKROOT; };
		092354B413A1D7F000DA740F /* SystemConfiguration.framework */ = {isa = PBXFileReference; lastKnownFileType = wrapper.framework; name = SystemConfiguration.framework; path = System/Library/Frameworks/SystemConfiguration.framework; sourceTree = SDKROOT; };
		092354B613A1D83C00DA740F /* MobileCoreServices.framework */ = {isa = PBXFileReference; lastKnownFileType = wrapper.framework; name = MobileCoreServices.framework; path = System/Library/Frameworks/MobileCoreServices.framework; sourceTree = SDKROOT; };
		095ACE8513C68EA300566243 /* AudioToolbox.framework */ = {isa = PBXFileReference; lastKnownFileType = wrapper.framework; name = AudioToolbox.framework; path = System/Library/Frameworks/AudioToolbox.framework; sourceTree = SDKROOT; };
		099CCEAC13F9E3760039A464 /* libz.1.1.3.dylib */ = {isa = PBXFileReference; lastKnownFileType = "compiled.mach-o.dylib"; name = libz.1.1.3.dylib; path = usr/lib/libz.1.1.3.dylib; sourceTree = SDKROOT; };
		09ABC06D13A1D52D009C3FCF /* Down.app */ = {isa = PBXFileReference; explicitFileType = wrapper.application; includeInIndex = 0; path = Down.app; sourceTree = BUILT_PRODUCTS_DIR; };
		09ABC07113A1D52D009C3FCF /* UIKit.framework */ = {isa = PBXFileReference; lastKnownFileType = wrapper.framework; name = UIKit.framework; path = System/Library/Frameworks/UIKit.framework; sourceTree = SDKROOT; };
		09ABC07313A1D52D009C3FCF /* Foundation.framework */ = {isa = PBXFileReference; lastKnownFileType = wrapper.framework; name = Foundation.framework; path = System/Library/Frameworks/Foundation.framework; sourceTree = SDKROOT; };
		09ABC07913A1D52D009C3FCF /* Down-Info.plist */ = {isa = PBXFileReference; lastKnownFileType = text.plist.xml; path = "Down-Info.plist"; sourceTree = "<group>"; };
		09ABC07B13A1D52D009C3FCF /* en */ = {isa = PBXFileReference; lastKnownFileType = text.plist.strings; name = en; path = en.lproj/InfoPlist.strings; sourceTree = "<group>"; };
		09ABC07D13A1D52D009C3FCF /* Down-Prefix.pch */ = {isa = PBXFileReference; lastKnownFileType = sourcecode.c.h; path = "Down-Prefix.pch"; sourceTree = "<group>"; };
		09ABC07E13A1D52D009C3FCF /* main.m */ = {isa = PBXFileReference; lastKnownFileType = sourcecode.c.objc; path = main.m; sourceTree = "<group>"; };
		09ABC08013A1D52D009C3FCF /* ParseStarterProjectAppDelegate.h */ = {isa = PBXFileReference; lastKnownFileType = sourcecode.c.h; path = ParseStarterProjectAppDelegate.h; sourceTree = "<group>"; };
		09ABC08113A1D52D009C3FCF /* ParseStarterProjectAppDelegate.m */ = {isa = PBXFileReference; lastKnownFileType = sourcecode.c.objc; path = ParseStarterProjectAppDelegate.m; sourceTree = "<group>"; };
		09ABC08413A1D52E009C3FCF /* en */ = {isa = PBXFileReference; lastKnownFileType = file.xib; name = en; path = en.lproj/MainWindow.xib; sourceTree = "<group>"; };
		09ABC08613A1D52E009C3FCF /* TPRootViewController.h */ = {isa = PBXFileReference; lastKnownFileType = sourcecode.c.h; path = TPRootViewController.h; sourceTree = "<group>"; };
		09ABC08713A1D52E009C3FCF /* TPRootViewController.m */ = {isa = PBXFileReference; lastKnownFileType = sourcecode.c.objc; path = TPRootViewController.m; sourceTree = "<group>"; };
		09BEF34B13D51C3F001BBCDB /* Security.framework */ = {isa = PBXFileReference; lastKnownFileType = wrapper.framework; name = Security.framework; path = System/Library/Frameworks/Security.framework; sourceTree = SDKROOT; };
		2FCDD6AF14A573F500295AAC /* QuartzCore.framework */ = {isa = PBXFileReference; lastKnownFileType = wrapper.framework; name = QuartzCore.framework; path = System/Library/Frameworks/QuartzCore.framework; sourceTree = SDKROOT; };
		496DDA225F5889468DDDAE3E /* Pods-Down.release.xcconfig */ = {isa = PBXFileReference; includeInIndex = 1; lastKnownFileType = text.xcconfig; name = "Pods-Down.release.xcconfig"; path = "Pods/Target Support Files/Pods-Down/Pods-Down.release.xcconfig"; sourceTree = "<group>"; };
		4998650415BF305000803E05 /* StoreKit.framework */ = {isa = PBXFileReference; lastKnownFileType = wrapper.framework; name = StoreKit.framework; path = System/Library/Frameworks/StoreKit.framework; sourceTree = SDKROOT; };
		6332375315E438E900AE2736 /* libsqlite3.dylib */ = {isa = PBXFileReference; lastKnownFileType = "compiled.mach-o.dylib"; name = libsqlite3.dylib; path = usr/lib/libsqlite3.dylib; sourceTree = SDKROOT; };
		6372FF521613CC3C002132AF /* Accounts.framework */ = {isa = PBXFileReference; lastKnownFileType = wrapper.framework; name = Accounts.framework; path = System/Library/Frameworks/Accounts.framework; sourceTree = SDKROOT; };
		6372FF551613CC42002132AF /* Social.framework */ = {isa = PBXFileReference; lastKnownFileType = wrapper.framework; name = Social.framework; path = System/Library/Frameworks/Social.framework; sourceTree = SDKROOT; };
		6372FF571613CC47002132AF /* AdSupport.framework */ = {isa = PBXFileReference; lastKnownFileType = wrapper.framework; name = AdSupport.framework; path = System/Library/Frameworks/AdSupport.framework; sourceTree = SDKROOT; };
		743D7B6C157DA60100084B67 /* CoreGraphics.framework */ = {isa = PBXFileReference; lastKnownFileType = wrapper.framework; name = CoreGraphics.framework; path = System/Library/Frameworks/CoreGraphics.framework; sourceTree = SDKROOT; };
		811B095B1A09503D008B3393 /* ParseUI.framework */ = {isa = PBXFileReference; lastKnownFileType = wrapper.framework; path = ParseUI.framework; sourceTree = "<group>"; };
		81BDCDE995DE13DB3D7113F3 /* Pods-Down.debug.xcconfig */ = {isa = PBXFileReference; includeInIndex = 1; lastKnownFileType = text.xcconfig; name = "Pods-Down.debug.xcconfig"; path = "Pods/Target Support Files/Pods-Down/Pods-Down.debug.xcconfig"; sourceTree = "<group>"; };
		97E18B1E1624CB5700B17A67 /* CoreLocation.framework */ = {isa = PBXFileReference; lastKnownFileType = wrapper.framework; name = CoreLocation.framework; path = System/Library/Frameworks/CoreLocation.framework; sourceTree = SDKROOT; };
		C4C51B541613CE0800959FDC /* Default.png */ = {isa = PBXFileReference; lastKnownFileType = image.png; path = Default.png; sourceTree = "<group>"; };
		C4C51B551613CE0800959FDC /* Default-568h@2x.png */ = {isa = PBXFileReference; lastKnownFileType = image.png; path = "Default-568h@2x.png"; sourceTree = "<group>"; };
		C4C51B561613CE0800959FDC /* Default@2x.png */ = {isa = PBXFileReference; lastKnownFileType = image.png; path = "Default@2x.png"; sourceTree = "<group>"; };
		D51EBB6C1A525BE10095A865 /* TPYelpClient.h */ = {isa = PBXFileReference; fileEncoding = 4; lastKnownFileType = sourcecode.c.h; path = TPYelpClient.h; sourceTree = "<group>"; };
		D51EBB6D1A525BE10095A865 /* TPYelpClient.m */ = {isa = PBXFileReference; fileEncoding = 4; lastKnownFileType = sourcecode.c.objc; path = TPYelpClient.m; sourceTree = "<group>"; };
		D526EF151A3309DF00861D2C /* TPSplashScreenViewController.m */ = {isa = PBXFileReference; fileEncoding = 4; lastKnownFileType = sourcecode.c.objc; path = TPSplashScreenViewController.m; sourceTree = "<group>"; };
		D526EF171A3309F800861D2C /* TPSplashScreenViewController.h */ = {isa = PBXFileReference; fileEncoding = 4; lastKnownFileType = sourcecode.c.h; path = TPSplashScreenViewController.h; sourceTree = "<group>"; };
		D526EF181A330B6E00861D2C /* Media.xcassets */ = {isa = PBXFileReference; lastKnownFileType = folder.assetcatalog; path = Media.xcassets; sourceTree = "<group>"; };
		D526EF401A3325DD00861D2C /* ParseStarterProjectViewController.xib */ = {isa = PBXFileReference; fileEncoding = 4; lastKnownFileType = file.xib; path = ParseStarterProjectViewController.xib; sourceTree = "<group>"; };
		D526EF421A33C04700861D2C /* TPMailBoxViewController.m */ = {isa = PBXFileReference; fileEncoding = 4; lastKnownFileType = sourcecode.c.objc; path = TPMailBoxViewController.m; sourceTree = "<group>"; };
		D526EF441A33C05900861D2C /* TPMailBoxViewController.h */ = {isa = PBXFileReference; lastKnownFileType = sourcecode.c.h; path = TPMailBoxViewController.h; sourceTree = "<group>"; };
		D526EF451A33D85600861D2C /* TPMailBoxViewController.xib */ = {isa = PBXFileReference; fileEncoding = 4; lastKnownFileType = file.xib; path = TPMailBoxViewController.xib; sourceTree = "<group>"; };
		D526EF4B1A34C2E800861D2C /* TPOutBoxViewController.m */ = {isa = PBXFileReference; fileEncoding = 4; lastKnownFileType = sourcecode.c.objc; path = TPOutBoxViewController.m; sourceTree = "<group>"; };
		D526EF4D1A34C30300861D2C /* TPOutBoxViewController.h */ = {isa = PBXFileReference; lastKnownFileType = sourcecode.c.h; path = TPOutBoxViewController.h; sourceTree = "<group>"; };
		D533E6241A50191400C11961 /* TPLocationViewController.m */ = {isa = PBXFileReference; fileEncoding = 4; lastKnownFileType = sourcecode.c.objc; path = TPLocationViewController.m; sourceTree = "<group>"; };
		D533E6261A50192700C11961 /* TPLocationViewController.h */ = {isa = PBXFileReference; lastKnownFileType = sourcecode.c.h; path = TPLocationViewController.h; sourceTree = "<group>"; };
		D533E6271A501B3A00C11961 /* TPPeopleViewController.h */ = {isa = PBXFileReference; fileEncoding = 4; lastKnownFileType = sourcecode.c.h; path = TPPeopleViewController.h; sourceTree = "<group>"; };
		D533E6281A501B3A00C11961 /* TPPeopleViewController.m */ = {isa = PBXFileReference; fileEncoding = 4; lastKnownFileType = sourcecode.c.objc; path = TPPeopleViewController.m; sourceTree = "<group>"; };
		D54066091A57B0B5007A28EF /* TPEventObject.h */ = {isa = PBXFileReference; fileEncoding = 4; lastKnownFileType = sourcecode.c.h; path = TPEventObject.h; sourceTree = "<group>"; };
		D540660A1A57B0B5007A28EF /* TPEventObject.m */ = {isa = PBXFileReference; fileEncoding = 4; lastKnownFileType = sourcecode.c.objc; path = TPEventObject.m; sourceTree = "<group>"; };
		D540660C1A57BA91007A28EF /* TPConstants.h */ = {isa = PBXFileReference; lastKnownFileType = sourcecode.c.h; path = TPConstants.h; sourceTree = "<group>"; };
		D540660D1A57E446007A28EF /* TPWhenViewController.h */ = {isa = PBXFileReference; fileEncoding = 4; lastKnownFileType = sourcecode.c.h; path = TPWhenViewController.h; sourceTree = "<group>"; };
		D540660E1A57E446007A28EF /* TPWhenViewController.m */ = {isa = PBXFileReference; fileEncoding = 4; lastKnownFileType = sourcecode.c.objc; path = TPWhenViewController.m; sourceTree = "<group>"; };
		D54066101A5A567C007A28EF /* TPWhyViewController.h */ = {isa = PBXFileReference; fileEncoding = 4; lastKnownFileType = sourcecode.c.h; path = TPWhyViewController.h; sourceTree = "<group>"; };
		D54066111A5A567C007A28EF /* TPWhyViewController.m */ = {isa = PBXFileReference; fileEncoding = 4; lastKnownFileType = sourcecode.c.objc; path = TPWhyViewController.m; sourceTree = "<group>"; };
		D569110E1A50D49900AB45F9 /* MapKit.framework */ = {isa = PBXFileReference; lastKnownFileType = wrapper.framework; name = MapKit.framework; path = System/Library/Frameworks/MapKit.framework; sourceTree = SDKROOT; };
		D5B782FE1A60F58F009D8757 /* TPLocation.h */ = {isa = PBXFileReference; fileEncoding = 4; lastKnownFileType = sourcecode.c.h; path = TPLocation.h; sourceTree = "<group>"; };
		D5B782FF1A60F58F009D8757 /* TPLocation.m */ = {isa = PBXFileReference; fileEncoding = 4; lastKnownFileType = sourcecode.c.objc; path = TPLocation.m; sourceTree = "<group>"; };
		D5B783051A634ACB009D8757 /* TPPeopleTableViewCell.h */ = {isa = PBXFileReference; fileEncoding = 4; lastKnownFileType = sourcecode.c.h; path = TPPeopleTableViewCell.h; sourceTree = "<group>"; };
		D5B783061A634ACB009D8757 /* TPPeopleTableViewCell.m */ = {isa = PBXFileReference; fileEncoding = 4; lastKnownFileType = sourcecode.c.objc; path = TPPeopleTableViewCell.m; sourceTree = "<group>"; };
		D5E5C87D1A491E0E00E22912 /* TPUniverse.m */ = {isa = PBXFileReference; fileEncoding = 4; lastKnownFileType = sourcecode.c.objc; path = TPUniverse.m; sourceTree = "<group>"; };
		D5E5C87F1A491E4500E22912 /* TPUniverse.h */ = {isa = PBXFileReference; lastKnownFileType = sourcecode.c.h; path = TPUniverse.h; sourceTree = "<group>"; };
		D5E5C8831A4C102200E22912 /* TPEventInviteCreationViewController.m */ = {isa = PBXFileReference; fileEncoding = 4; lastKnownFileType = sourcecode.c.objc; path = TPEventInviteCreationViewController.m; sourceTree = "<group>"; };
		D5E5C8851A4C103A00E22912 /* TPEventInviteCreationViewController.h */ = {isa = PBXFileReference; lastKnownFileType = sourcecode.c.h; path = TPEventInviteCreationViewController.h; sourceTree = "<group>"; };
		D5F3DE391A39857A00C0A5A6 /* TPOutBoxViewController.xib */ = {isa = PBXFileReference; fileEncoding = 4; lastKnownFileType = file.xib; path = TPOutBoxViewController.xib; sourceTree = "<group>"; };
		F40BC7B07E34D1FCD2A8A98E /* libPods-Down.a */ = {isa = PBXFileReference; explicitFileType = archive.ar; includeInIndex = 0; path = "libPods-Down.a"; sourceTree = BUILT_PRODUCTS_DIR; };
/* End PBXFileReference section */

/* Begin PBXFrameworksBuildPhase section */
		09ABC06A13A1D52D009C3FCF /* Frameworks */ = {
			isa = PBXFrameworksBuildPhase;
			buildActionMask = 2147483647;
			files = (
				DD952FCB16E7F5CF00470144 /* CoreLocation.framework in Frameworks */,
				4998650515BF305000803E05 /* StoreKit.framework in Frameworks */,
				743D7B6D157DA60100084B67 /* CoreGraphics.framework in Frameworks */,
				2FCDD6B014A573F500295AAC /* QuartzCore.framework in Frameworks */,
				099CCEAD13F9E3760039A464 /* libz.1.1.3.dylib in Frameworks */,
				09BEF34C13D51C3F001BBCDB /* Security.framework in Frameworks */,
				811B095C1A09503D008B3393 /* ParseUI.framework in Frameworks */,
				D569110F1A50D49900AB45F9 /* MapKit.framework in Frameworks */,
				095ACE8613C68EA300566243 /* AudioToolbox.framework in Frameworks */,
				092354B713A1D83C00DA740F /* MobileCoreServices.framework in Frameworks */,
				092354B513A1D7F000DA740F /* SystemConfiguration.framework in Frameworks */,
				092354B313A1D7EB00DA740F /* CFNetwork.framework in Frameworks */,
				09ABC07213A1D52D009C3FCF /* UIKit.framework in Frameworks */,
				09ABC07413A1D52D009C3FCF /* Foundation.framework in Frameworks */,
				26F641DA055B8C0AE16D1FEC /* libPods-Down.a in Frameworks */,
			);
			runOnlyForDeploymentPostprocessing = 0;
		};
/* End PBXFrameworksBuildPhase section */

/* Begin PBXGroup section */
		086120A0578A7C1E42596877 /* Pods */ = {
			isa = PBXGroup;
			children = (
				81BDCDE995DE13DB3D7113F3 /* Pods-Down.debug.xcconfig */,
				496DDA225F5889468DDDAE3E /* Pods-Down.release.xcconfig */,
			);
			name = Pods;
			sourceTree = "<group>";
		};
		09ABC06213A1D52D009C3FCF = {
			isa = PBXGroup;
			children = (
				D526EF181A330B6E00861D2C /* Media.xcassets */,
				09ABC07713A1D52D009C3FCF /* ParseStarterProject */,
				09ABC07013A1D52D009C3FCF /* Frameworks */,
				09ABC06E13A1D52D009C3FCF /* Products */,
				086120A0578A7C1E42596877 /* Pods */,
			);
			sourceTree = "<group>";
		};
		09ABC06E13A1D52D009C3FCF /* Products */ = {
			isa = PBXGroup;
			children = (
				09ABC06D13A1D52D009C3FCF /* Down.app */,
			);
			name = Products;
			sourceTree = "<group>";
		};
		09ABC07013A1D52D009C3FCF /* Frameworks */ = {
			isa = PBXGroup;
			children = (
				D569110E1A50D49900AB45F9 /* MapKit.framework */,
				6372FF571613CC47002132AF /* AdSupport.framework */,
				6372FF551613CC42002132AF /* Social.framework */,
				6372FF521613CC3C002132AF /* Accounts.framework */,
				095ACE8513C68EA300566243 /* AudioToolbox.framework */,
				092354B213A1D7EB00DA740F /* CFNetwork.framework */,
				743D7B6C157DA60100084B67 /* CoreGraphics.framework */,
				97E18B1E1624CB5700B17A67 /* CoreLocation.framework */,
				09ABC07313A1D52D009C3FCF /* Foundation.framework */,
				6332375315E438E900AE2736 /* libsqlite3.dylib */,
				099CCEAC13F9E3760039A464 /* libz.1.1.3.dylib */,
				092354B613A1D83C00DA740F /* MobileCoreServices.framework */,
				811B095B1A09503D008B3393 /* ParseUI.framework */,
				2FCDD6AF14A573F500295AAC /* QuartzCore.framework */,
				09BEF34B13D51C3F001BBCDB /* Security.framework */,
				4998650415BF305000803E05 /* StoreKit.framework */,
				092354B413A1D7F000DA740F /* SystemConfiguration.framework */,
				09ABC07113A1D52D009C3FCF /* UIKit.framework */,
				F40BC7B07E34D1FCD2A8A98E /* libPods-Down.a */,
			);
			name = Frameworks;
			sourceTree = "<group>";
		};
		09ABC07713A1D52D009C3FCF /* ParseStarterProject */ = {
			isa = PBXGroup;
			children = (
				D5B782FD1A60F562009D8757 /* Models */,
				D5E5C87A1A491D6900E22912 /* Helpers */,
				09ABC08113A1D52D009C3FCF /* ParseStarterProjectAppDelegate.m */,
				09ABC08013A1D52D009C3FCF /* ParseStarterProjectAppDelegate.h */,
				09ABC07813A1D52D009C3FCF /* Supporting Files */,
				D526EF481A33DBE300861D2C /* View Controllers */,
				D526EF471A33DBB000861D2C /* Xibs */,
			);
			path = ParseStarterProject;
			sourceTree = "<group>";
		};
		09ABC07813A1D52D009C3FCF /* Supporting Files */ = {
			isa = PBXGroup;
			children = (
				C4C51B541613CE0800959FDC /* Default.png */,
				C4C51B561613CE0800959FDC /* Default@2x.png */,
				C4C51B551613CE0800959FDC /* Default-568h@2x.png */,
				09ABC07913A1D52D009C3FCF /* Down-Info.plist */,
				09144A7213C2997E00388B00 /* Entitlements.plist */,
				09ABC07A13A1D52D009C3FCF /* InfoPlist.strings */,
				09ABC07D13A1D52D009C3FCF /* Down-Prefix.pch */,
				09ABC07E13A1D52D009C3FCF /* main.m */,
			);
			name = "Supporting Files";
			sourceTree = "<group>";
		};
		D526EF471A33DBB000861D2C /* Xibs */ = {
			isa = PBXGroup;
			children = (
				D526EF451A33D85600861D2C /* TPMailBoxViewController.xib */,
				09ABC08313A1D52D009C3FCF /* MainWindow.xib */,
				D526EF401A3325DD00861D2C /* ParseStarterProjectViewController.xib */,
				D5F3DE391A39857A00C0A5A6 /* TPOutBoxViewController.xib */,
			);
			name = Xibs;
			sourceTree = "<group>";
		};
		D526EF481A33DBE300861D2C /* View Controllers */ = {
			isa = PBXGroup;
			children = (
				D5B783011A61193D009D8757 /* Event Creation */,
				09ABC08613A1D52E009C3FCF /* TPRootViewController.h */,
				09ABC08713A1D52E009C3FCF /* TPRootViewController.m */,
				D526EF441A33C05900861D2C /* TPMailBoxViewController.h */,
				D526EF421A33C04700861D2C /* TPMailBoxViewController.m */,
				D526EF171A3309F800861D2C /* TPSplashScreenViewController.h */,
				D526EF151A3309DF00861D2C /* TPSplashScreenViewController.m */,
				D526EF4B1A34C2E800861D2C /* TPOutBoxViewController.m */,
				D526EF4D1A34C30300861D2C /* TPOutBoxViewController.h */,
			);
			name = "View Controllers";
			sourceTree = "<group>";
		};
		D5B782FD1A60F562009D8757 /* Models */ = {
			isa = PBXGroup;
			children = (
				D54066091A57B0B5007A28EF /* TPEventObject.h */,
				D540660A1A57B0B5007A28EF /* TPEventObject.m */,
				D5B782FE1A60F58F009D8757 /* TPLocation.h */,
				D5B782FF1A60F58F009D8757 /* TPLocation.m */,
				D5B783051A634ACB009D8757 /* TPPeopleTableViewCell.h */,
				D5B783061A634ACB009D8757 /* TPPeopleTableViewCell.m */,
			);
			name = Models;
			sourceTree = "<group>";
		};
		D5B783011A61193D009D8757 /* Event Creation */ = {
			isa = PBXGroup;
			children = (
				D5E5C8831A4C102200E22912 /* TPEventInviteCreationViewController.m */,
				D5E5C8851A4C103A00E22912 /* TPEventInviteCreationViewController.h */,
				D533E6241A50191400C11961 /* TPLocationViewController.m */,
				D533E6261A50192700C11961 /* TPLocationViewController.h */,
				D533E6271A501B3A00C11961 /* TPPeopleViewController.h */,
				D533E6281A501B3A00C11961 /* TPPeopleViewController.m */,
				D540660D1A57E446007A28EF /* TPWhenViewController.h */,
				D540660E1A57E446007A28EF /* TPWhenViewController.m */,
				D54066101A5A567C007A28EF /* TPWhyViewController.h */,
				D54066111A5A567C007A28EF /* TPWhyViewController.m */,
			);
			name = "Event Creation";
			sourceTree = "<group>";
		};
		D5E5C87A1A491D6900E22912 /* Helpers */ = {
			isa = PBXGroup;
			children = (
				D5E5C87D1A491E0E00E22912 /* TPUniverse.m */,
				D5E5C87F1A491E4500E22912 /* TPUniverse.h */,
				D51EBB6C1A525BE10095A865 /* TPYelpClient.h */,
				D51EBB6D1A525BE10095A865 /* TPYelpClient.m */,
				D540660C1A57BA91007A28EF /* TPConstants.h */,
			);
			name = Helpers;
			sourceTree = "<group>";
		};
/* End PBXGroup section */

/* Begin PBXNativeTarget section */
		09ABC06C13A1D52D009C3FCF /* Down */ = {
			isa = PBXNativeTarget;
			buildConfigurationList = 09ABC08E13A1D52E009C3FCF /* Build configuration list for PBXNativeTarget "Down" */;
			buildPhases = (
				0DF075784A4388FA28C1AEBA /* Check Pods Manifest.lock */,
				09ABC06913A1D52D009C3FCF /* Sources */,
				09ABC06A13A1D52D009C3FCF /* Frameworks */,
				09ABC06B13A1D52D009C3FCF /* Resources */,
				D8F8C7B3770C6E3B9D1D586B /* Copy Pods Resources */,
			);
			buildRules = (
			);
			dependencies = (
			);
			name = Down;
			productName = ParseStarterProject;
			productReference = 09ABC06D13A1D52D009C3FCF /* Down.app */;
			productType = "com.apple.product-type.application";
		};
/* End PBXNativeTarget section */

/* Begin PBXProject section */
		09ABC06413A1D52D009C3FCF /* Project object */ = {
			isa = PBXProject;
			attributes = {
				LastUpgradeCheck = 0510;
				TargetAttributes = {
					09ABC06C13A1D52D009C3FCF = {
						SystemCapabilities = {
							com.apple.Maps.iOS = {
								enabled = 1;
							};
						};
					};
				};
			};
			buildConfigurationList = 09ABC06713A1D52D009C3FCF /* Build configuration list for PBXProject "Down" */;
			compatibilityVersion = "Xcode 3.2";
			developmentRegion = English;
			hasScannedForEncodings = 0;
			knownRegions = (
				en,
			);
			mainGroup = 09ABC06213A1D52D009C3FCF;
			productRefGroup = 09ABC06E13A1D52D009C3FCF /* Products */;
			projectDirPath = "";
			projectRoot = "";
			targets = (
				09ABC06C13A1D52D009C3FCF /* Down */,
			);
		};
/* End PBXProject section */

/* Begin PBXResourcesBuildPhase section */
		09ABC06B13A1D52D009C3FCF /* Resources */ = {
			isa = PBXResourcesBuildPhase;
			buildActionMask = 2147483647;
			files = (
				09ABC07C13A1D52D009C3FCF /* InfoPlist.strings in Resources */,
				09ABC08513A1D52E009C3FCF /* MainWindow.xib in Resources */,
				D526EF191A330B6E00861D2C /* Media.xcassets in Resources */,
				09144A7313C2997E00388B00 /* Entitlements.plist in Resources */,
				D526EF411A3325DD00861D2C /* ParseStarterProjectViewController.xib in Resources */,
				D5F3DE3A1A39857A00C0A5A6 /* TPOutBoxViewController.xib in Resources */,
				C4C51B571613CE0800959FDC /* Default.png in Resources */,
				C4C51B581613CE0800959FDC /* Default-568h@2x.png in Resources */,
				C4C51B591613CE0800959FDC /* Default@2x.png in Resources */,
				D526EF461A33D85600861D2C /* TPMailBoxViewController.xib in Resources */,
			);
			runOnlyForDeploymentPostprocessing = 0;
		};
/* End PBXResourcesBuildPhase section */

/* Begin PBXShellScriptBuildPhase section */
		0DF075784A4388FA28C1AEBA /* Check Pods Manifest.lock */ = {
			isa = PBXShellScriptBuildPhase;
			buildActionMask = 2147483647;
			files = (
			);
			inputPaths = (
			);
			name = "Check Pods Manifest.lock";
			outputPaths = (
			);
			runOnlyForDeploymentPostprocessing = 0;
			shellPath = /bin/sh;
			shellScript = "diff \"${PODS_ROOT}/../Podfile.lock\" \"${PODS_ROOT}/Manifest.lock\" > /dev/null\nif [[ $? != 0 ]] ; then\n    cat << EOM\nerror: The sandbox is not in sync with the Podfile.lock. Run 'pod install' or update your CocoaPods installation.\nEOM\n    exit 1\nfi\n";
			showEnvVarsInLog = 0;
		};
		D8F8C7B3770C6E3B9D1D586B /* Copy Pods Resources */ = {
			isa = PBXShellScriptBuildPhase;
			buildActionMask = 2147483647;
			files = (
			);
			inputPaths = (
			);
			name = "Copy Pods Resources";
			outputPaths = (
			);
			runOnlyForDeploymentPostprocessing = 0;
			shellPath = /bin/sh;
			shellScript = "\"${SRCROOT}/Pods/Target Support Files/Pods-Down/Pods-Down-resources.sh\"\n";
			showEnvVarsInLog = 0;
		};
/* End PBXShellScriptBuildPhase section */

/* Begin PBXSourcesBuildPhase section */
		09ABC06913A1D52D009C3FCF /* Sources */ = {
			isa = PBXSourcesBuildPhase;
			buildActionMask = 2147483647;
			files = (
				D533E6251A50191400C11961 /* TPLocationViewController.m in Sources */,
				D54066121A5A567C007A28EF /* TPWhyViewController.m in Sources */,
				D540660F1A57E446007A28EF /* TPWhenViewController.m in Sources */,
				09ABC07F13A1D52D009C3FCF /* main.m in Sources */,
				D51EBB6E1A525BE10095A865 /* TPYelpClient.m in Sources */,
				D5B783001A60F58F009D8757 /* TPLocation.m in Sources */,
				09ABC08213A1D52D009C3FCF /* ParseStarterProjectAppDelegate.m in Sources */,
				D533E6291A501B3A00C11961 /* TPPeopleViewController.m in Sources */,
				D540660B1A57B0B5007A28EF /* TPEventObject.m in Sources */,
				D526EF4C1A34C2E800861D2C /* TPOutBoxViewController.m in Sources */,
				D5E5C8841A4C102200E22912 /* TPEventInviteCreationViewController.m in Sources */,
				09ABC08813A1D52E009C3FCF /* TPRootViewController.m in Sources */,
				D526EF161A3309DF00861D2C /* TPSplashScreenViewController.m in Sources */,
				D5E5C87E1A491E0E00E22912 /* TPUniverse.m in Sources */,
				D5B783071A634ACB009D8757 /* TPPeopleTableViewCell.m in Sources */,
				D526EF431A33C04700861D2C /* TPMailBoxViewController.m in Sources */,
			);
			runOnlyForDeploymentPostprocessing = 0;
		};
/* End PBXSourcesBuildPhase section */

/* Begin PBXVariantGroup section */
		09ABC07A13A1D52D009C3FCF /* InfoPlist.strings */ = {
			isa = PBXVariantGroup;
			children = (
				09ABC07B13A1D52D009C3FCF /* en */,
			);
			name = InfoPlist.strings;
			sourceTree = "<group>";
		};
		09ABC08313A1D52D009C3FCF /* MainWindow.xib */ = {
			isa = PBXVariantGroup;
			children = (
				09ABC08413A1D52E009C3FCF /* en */,
			);
			name = MainWindow.xib;
			sourceTree = "<group>";
		};
/* End PBXVariantGroup section */

/* Begin XCBuildConfiguration section */
		09ABC08C13A1D52E009C3FCF /* Debug */ = {
			isa = XCBuildConfiguration;
			buildSettings = {
				GCC_OPTIMIZATION_LEVEL = 0;
				GCC_PREPROCESSOR_DEFINITIONS = DEBUG;
				GCC_SYMBOLS_PRIVATE_EXTERN = NO;
				GCC_WARN_ABOUT_RETURN_TYPE = YES;
				GCC_WARN_UNUSED_VARIABLE = YES;
				IPHONEOS_DEPLOYMENT_TARGET = 6.0;
				ONLY_ACTIVE_ARCH = YES;
				SDKROOT = iphoneos;
			};
			name = Debug;
		};
		09ABC08D13A1D52E009C3FCF /* Release */ = {
			isa = XCBuildConfiguration;
			buildSettings = {
				GCC_WARN_ABOUT_RETURN_TYPE = YES;
				GCC_WARN_UNUSED_VARIABLE = YES;
				IPHONEOS_DEPLOYMENT_TARGET = 6.0;
				OTHER_CFLAGS = "-DNS_BLOCK_ASSERTIONS=1";
				SDKROOT = iphoneos;
			};
			name = Release;
		};
		09ABC08F13A1D52E009C3FCF /* Debug */ = {
			isa = XCBuildConfiguration;
			baseConfigurationReference = 81BDCDE995DE13DB3D7113F3 /* Pods-Down.debug.xcconfig */;
			buildSettings = {
				ASSETCATALOG_COMPILER_LAUNCHIMAGE_NAME = LaunchImage;
				CLANG_ENABLE_MODULES = YES;
				CLANG_ENABLE_OBJC_ARC = YES;
				CODE_SIGN_IDENTITY = "iPhone Developer: Reyaad Sidique (2A4E3FAY4U)";
				COPY_PHASE_STRIP = NO;
				FRAMEWORK_SEARCH_PATHS = (
					"$(inherited)",
					"$(SRCROOT)",
					"$(PROJECT_DIR)",
				);
				GCC_DYNAMIC_NO_PIC = NO;
				GCC_PRECOMPILE_PREFIX_HEADER = YES;
				GCC_PREFIX_HEADER = "ParseStarterProject/Down-Prefix.pch";
				INFOPLIST_FILE = "ParseStarterProject/Down-Info.plist";
				IPHONEOS_DEPLOYMENT_TARGET = 8.0;
				PRODUCT_NAME = Down;
				PROVISIONING_PROFILE = "1ae6c806-c8d9-4ba3-b5a9-3870d755833a";
				WRAPPER_EXTENSION = app;
			};
			name = Debug;
		};
		09ABC09013A1D52E009C3FCF /* Release */ = {
			isa = XCBuildConfiguration;
			baseConfigurationReference = 496DDA225F5889468DDDAE3E /* Pods-Down.release.xcconfig */;
			buildSettings = {
				ASSETCATALOG_COMPILER_LAUNCHIMAGE_NAME = LaunchImage;
				CLANG_ENABLE_MODULES = YES;
				CLANG_ENABLE_OBJC_ARC = YES;
				CODE_SIGN_IDENTITY = "iPhone Developer: Reyaad Sidique (2A4E3FAY4U)";
				COPY_PHASE_STRIP = YES;
				FRAMEWORK_SEARCH_PATHS = (
					"$(inherited)",
					"$(SRCROOT)",
					"$(PROJECT_DIR)",
				);
				GCC_PRECOMPILE_PREFIX_HEADER = YES;
				GCC_PREFIX_HEADER = "ParseStarterProject/Down-Prefix.pch";
				INFOPLIST_FILE = "ParseStarterProject/Down-Info.plist";
				IPHONEOS_DEPLOYMENT_TARGET = 8.0;
				PRODUCT_NAME = Down;
				PROVISIONING_PROFILE = "1ae6c806-c8d9-4ba3-b5a9-3870d755833a";
				VALIDATE_PRODUCT = YES;
				WRAPPER_EXTENSION = app;
			};
			name = Release;
		};
/* End XCBuildConfiguration section */

/* Begin XCConfigurationList section */
		09ABC06713A1D52D009C3FCF /* Build configuration list for PBXProject "Down" */ = {
			isa = XCConfigurationList;
			buildConfigurations = (
				09ABC08C13A1D52E009C3FCF /* Debug */,
				09ABC08D13A1D52E009C3FCF /* Release */,
			);
			defaultConfigurationIsVisible = 0;
			defaultConfigurationName = Release;
		};
		09ABC08E13A1D52E009C3FCF /* Build configuration list for PBXNativeTarget "Down" */ = {
			isa = XCConfigurationList;
			buildConfigurations = (
				09ABC08F13A1D52E009C3FCF /* Debug */,
				09ABC09013A1D52E009C3FCF /* Release */,
			);
			defaultConfigurationIsVisible = 0;
			defaultConfigurationName = Release;
		};
/* End XCConfigurationList section */
	};
	rootObject = 09ABC06413A1D52D009C3FCF /* Project object */;
}
